
Microsoft Visual Studio Solution File, Format Version 12.00
Project("{F2A71F9B-5D33-465A-A702-920D77279786}") = "KeyQuery", "core\KeyQuery.fsproj", "{10CCFA03-D47C-458F-9926-4F0469302600}"
EndProject
Project("{FAE04EC0-301F-11D3-BF4B-00C04F79EFBC}") = "KeyQuery.CSharpTests", "tests\KeyQuery.CSharpTests\KeyQuery.CSharpTests.csproj", "{8B81E7BA-EFAE-48AB-B5BB-251E10E01C84}"
EndProject
Global
	GlobalSection(SolutionConfigurationPlatforms) = preSolution
		Debug|Any CPU = Debug|Any CPU
		Release|Any CPU = Release|Any CPU
	EndGlobalSection
	GlobalSection(ProjectConfigurationPlatforms) = postSolution
		{10CCFA03-D47C-458F-9926-4F0469302600}.Debug|Any CPU.ActiveCfg = Debug|Any CPU
		{10CCFA03-D47C-458F-9926-4F0469302600}.Debug|Any CPU.Build.0 = Debug|Any CPU
		{10CCFA03-D47C-458F-9926-4F0469302600}.Release|Any CPU.ActiveCfg = Release|Any CPU
		{10CCFA03-D47C-458F-9926-4F0469302600}.Release|Any CPU.Build.0 = Release|Any CPU
		{8B81E7BA-EFAE-48AB-B5BB-251E10E01C84}.Debug|Any CPU.ActiveCfg = Debug|Any CPU
		{8B81E7BA-EFAE-48AB-B5BB-251E10E01C84}.Debug|Any CPU.Build.0 = Debug|Any CPU
		{8B81E7BA-EFAE-48AB-B5BB-251E10E01C84}.Release|Any CPU.ActiveCfg = Release|Any CPU
		{8B81E7BA-EFAE-48AB-B5BB-251E10E01C84}.Release|Any CPU.Build.0 = Release|Any CPU
	EndGlobalSection
EndGlobal
